
Microsoft Visual Studio Solution File, Format Version 12.00
# Visual Studio 15
VisualStudioVersion = 15.0.26730.16
MinimumVisualStudioVersion = 10.0.40219.1
Project("{FAE04EC0-301F-11D3-BF4B-00C04F79EFBC}") = "InsaneAsylum", "InsaneAsylum\InsaneAsylum.csproj", "{0FBF1A4B-4955-41BD-A0FC-22C35A0A8015}"
EndProject
Global
	GlobalSection(SolutionConfigurationPlatforms) = preSolution
		Debug|Any CPU = Debug|Any CPU
		Release|Any CPU = Release|Any CPU
	EndGlobalSection
	GlobalSection(ProjectConfigurationPlatforms) = postSolution
		{0FBF1A4B-4955-41BD-A0FC-22C35A0A8015}.Debug|Any CPU.ActiveCfg = Debug|Any CPU
		{0FBF1A4B-4955-41BD-A0FC-22C35A0A8015}.Debug|Any CPU.Build.0 = Debug|Any CPU
		{0FBF1A4B-4955-41BD-A0FC-22C35A0A8015}.Release|Any CPU.ActiveCfg = Release|Any CPU
		{0FBF1A4B-4955-41BD-A0FC-22C35A0A8015}.Release|Any CPU.Build.0 = Release|Any CPU
	EndGlobalSection
	GlobalSection(SolutionProperties) = preSolution
		HideSolutionNode = FALSE
	EndGlobalSection
	GlobalSection(ExtensibilityGlobals) = postSolution
		SolutionGuid = {940DC3DF-6465-42B5-9006-F1E6B36A17A9}
	EndGlobalSection
EndGlobal
